
Microsoft Visual Studio Solution File, Format Version 12.00
# Visual Studio Version 17
VisualStudioVersion = 17.14.36930.0 d17.14
MinimumVisualStudioVersion = 10.0.40219.1
Project("{FAE04EC0-301F-11D3-BF4B-00C04F79EFBC}") = "CarroAPIService", "CarroAPIService.csproj", "{5DCA3672-903A-462D-B4F0-46B097037E7F}"
EndProject
Global
	GlobalSection(SolutionConfigurationPlatforms) = preSolution
		Debug|Any CPU = Debug|Any CPU
		Release|Any CPU = Release|Any CPU
	EndGlobalSection
	GlobalSection(ProjectConfigurationPlatforms) = postSolution
		{5DCA3672-903A-462D-B4F0-46B097037E7F}.Debug|Any CPU.ActiveCfg = Debug|Any CPU
		{5DCA3672-903A-462D-B4F0-46B097037E7F}.Debug|Any CPU.Build.0 = Debug|Any CPU
		{5DCA3672-903A-462D-B4F0-46B097037E7F}.Release|Any CPU.ActiveCfg = Release|Any CPU
		{5DCA3672-903A-462D-B4F0-46B097037E7F}.Release|Any CPU.Build.0 = Release|Any CPU
	EndGlobalSection
	GlobalSection(SolutionProperties) = preSolution
		HideSolutionNode = FALSE
	EndGlobalSection
	GlobalSection(ExtensibilityGlobals) = postSolution
		SolutionGuid = {8E6292BB-A75D-4344-9536-4AF5D13401DA}
	EndGlobalSection
EndGlobal
